
Microsoft Visual Studio Solution File, Format Version 12.00
# Visual Studio Version 17
VisualStudioVersion = 17.3.32811.315
MinimumVisualStudioVersion = 10.0.40219.1
Project("{FAE04EC0-301F-11D3-BF4B-00C04F79EFBC}") = "ConsCQRS", "ConsCQRS\ConsCQRS.csproj", "{83DC8BBB-2D5A-471E-A9C1-0CA13CBAFCD0}"
EndProject
Project("{FAE04EC0-301F-11D3-BF4B-00C04F79EFBC}") = "ConsCQRS.Domain", "ConsCQRS.Domain\ConsCQRS.Domain.csproj", "{4A471F36-5FB6-44DC-BBD6-C1B4D8FDEB01}"
EndProject
Project("{FAE04EC0-301F-11D3-BF4B-00C04F79EFBC}") = "ConsCQRS.Service", "ConsCQRS.Service\ConsCQRS.Service.csproj", "{4E5DEB55-D413-4B6E-9C69-D51B476FA6A7}"
EndProject
Global
	GlobalSection(SolutionConfigurationPlatforms) = preSolution
		Debug|Any CPU = Debug|Any CPU
		Release|Any CPU = Release|Any CPU
	EndGlobalSection
	GlobalSection(ProjectConfigurationPlatforms) = postSolution
		{83DC8BBB-2D5A-471E-A9C1-0CA13CBAFCD0}.Debug|Any CPU.ActiveCfg = Debug|Any CPU
		{83DC8BBB-2D5A-471E-A9C1-0CA13CBAFCD0}.Debug|Any CPU.Build.0 = Debug|Any CPU
		{83DC8BBB-2D5A-471E-A9C1-0CA13CBAFCD0}.Release|Any CPU.ActiveCfg = Release|Any CPU
		{83DC8BBB-2D5A-471E-A9C1-0CA13CBAFCD0}.Release|Any CPU.Build.0 = Release|Any CPU
		{4A471F36-5FB6-44DC-BBD6-C1B4D8FDEB01}.Debug|Any CPU.ActiveCfg = Debug|Any CPU
		{4A471F36-5FB6-44DC-BBD6-C1B4D8FDEB01}.Debug|Any CPU.Build.0 = Debug|Any CPU
		{4A471F36-5FB6-44DC-BBD6-C1B4D8FDEB01}.Release|Any CPU.ActiveCfg = Release|Any CPU
		{4A471F36-5FB6-44DC-BBD6-C1B4D8FDEB01}.Release|Any CPU.Build.0 = Release|Any CPU
		{4E5DEB55-D413-4B6E-9C69-D51B476FA6A7}.Debug|Any CPU.ActiveCfg = Debug|Any CPU
		{4E5DEB55-D413-4B6E-9C69-D51B476FA6A7}.Debug|Any CPU.Build.0 = Debug|Any CPU
		{4E5DEB55-D413-4B6E-9C69-D51B476FA6A7}.Release|Any CPU.ActiveCfg = Release|Any CPU
		{4E5DEB55-D413-4B6E-9C69-D51B476FA6A7}.Release|Any CPU.Build.0 = Release|Any CPU
	EndGlobalSection
	GlobalSection(SolutionProperties) = preSolution
		HideSolutionNode = FALSE
	EndGlobalSection
	GlobalSection(ExtensibilityGlobals) = postSolution
		SolutionGuid = {AC54B1CB-4547-4DFA-BA59-5A70B555B360}
	EndGlobalSection
EndGlobal
